
Microsoft Visual Studio Solution File, Format Version 12.00
# Visual Studio Version 17
VisualStudioVersion = 17.9.34616.47
MinimumVisualStudioVersion = 10.0.40219.1
Project("{888888A0-9F3D-457C-B088-3A5042F75D52}") = "Drone_Interface", "Drone_Interface\Drone_Interface.pyproj", "{B5D344E4-77C1-45C5-AF93-58003F28232B}"
EndProject
Global
	GlobalSection(SolutionConfigurationPlatforms) = preSolution
		Debug|Any CPU = Debug|Any CPU
		Release|Any CPU = Release|Any CPU
	EndGlobalSection
	GlobalSection(ProjectConfigurationPlatforms) = postSolution
		{B5D344E4-77C1-45C5-AF93-58003F28232B}.Debug|Any CPU.ActiveCfg = Debug|Any CPU
		{B5D344E4-77C1-45C5-AF93-58003F28232B}.Release|Any CPU.ActiveCfg = Release|Any CPU
	EndGlobalSection
	GlobalSection(SolutionProperties) = preSolution
		HideSolutionNode = FALSE
	EndGlobalSection
	GlobalSection(ExtensibilityGlobals) = postSolution
		SolutionGuid = {10850CDE-98D9-4568-B58E-2F6827D3EEA5}
	EndGlobalSection
EndGlobal
